
Microsoft Visual Studio Solution File, Format Version 11.00
# Visual Studio 2010
Project("{FAE04EC0-301F-11D3-BF4B-00C04F79EFBC}") = "ContractLibrary", "ContractLibrary\ContractLibrary.csproj", "{DF48C374-E998-46BB-855F-9309CEE1029A}"
EndProject
Project("{FAE04EC0-301F-11D3-BF4B-00C04F79EFBC}") = "Hoster", "Hoster\Hoster.csproj", "{D2A43DDB-7CC7-4D60-912D-7A83FF612721}"
EndProject
Project("{FAE04EC0-301F-11D3-BF4B-00C04F79EFBC}") = "Client", "Client\Client.csproj", "{311D65BF-9E2E-446D-A62D-7EFEB7A15F82}"
EndProject
Global
	GlobalSection(SolutionConfigurationPlatforms) = preSolution
		Debug|Any CPU = Debug|Any CPU
		Release|Any CPU = Release|Any CPU
	EndGlobalSection
	GlobalSection(ProjectConfigurationPlatforms) = postSolution
		{DF48C374-E998-46BB-855F-9309CEE1029A}.Debug|Any CPU.ActiveCfg = Debug|Any CPU
		{DF48C374-E998-46BB-855F-9309CEE1029A}.Debug|Any CPU.Build.0 = Debug|Any CPU
		{DF48C374-E998-46BB-855F-9309CEE1029A}.Release|Any CPU.ActiveCfg = Release|Any CPU
		{DF48C374-E998-46BB-855F-9309CEE1029A}.Release|Any CPU.Build.0 = Release|Any CPU
		{D2A43DDB-7CC7-4D60-912D-7A83FF612721}.Debug|Any CPU.ActiveCfg = Debug|Any CPU
		{D2A43DDB-7CC7-4D60-912D-7A83FF612721}.Debug|Any CPU.Build.0 = Debug|Any CPU
		{D2A43DDB-7CC7-4D60-912D-7A83FF612721}.Release|Any CPU.ActiveCfg = Release|Any CPU
		{D2A43DDB-7CC7-4D60-912D-7A83FF612721}.Release|Any CPU.Build.0 = Release|Any CPU
		{311D65BF-9E2E-446D-A62D-7EFEB7A15F82}.Debug|Any CPU.ActiveCfg = Debug|Any CPU
		{311D65BF-9E2E-446D-A62D-7EFEB7A15F82}.Debug|Any CPU.Build.0 = Debug|Any CPU
		{311D65BF-9E2E-446D-A62D-7EFEB7A15F82}.Release|Any CPU.ActiveCfg = Release|Any CPU
		{311D65BF-9E2E-446D-A62D-7EFEB7A15F82}.Release|Any CPU.Build.0 = Release|Any CPU
	EndGlobalSection
	GlobalSection(SolutionProperties) = preSolution
		HideSolutionNode = FALSE
	EndGlobalSection
EndGlobal
